
Microsoft Visual Studio Solution File, Format Version 12.00
# Visual Studio Version 16
VisualStudioVersion = 16.0.32002.261
MinimumVisualStudioVersion = 10.0.40219.1
Project("{FAE04EC0-301F-11D3-BF4B-00C04F79EFBC}") = "ejercicio7", "ejercicio7.csproj", "{23F05006-8D4A-4F75-A44C-9AF9DFAC222A}"
EndProject
Global
	GlobalSection(SolutionConfigurationPlatforms) = preSolution
		Debug|Any CPU = Debug|Any CPU
		Release|Any CPU = Release|Any CPU
	EndGlobalSection
	GlobalSection(ProjectConfigurationPlatforms) = postSolution
		{23F05006-8D4A-4F75-A44C-9AF9DFAC222A}.Debug|Any CPU.ActiveCfg = Debug|Any CPU
		{23F05006-8D4A-4F75-A44C-9AF9DFAC222A}.Debug|Any CPU.Build.0 = Debug|Any CPU
		{23F05006-8D4A-4F75-A44C-9AF9DFAC222A}.Release|Any CPU.ActiveCfg = Release|Any CPU
		{23F05006-8D4A-4F75-A44C-9AF9DFAC222A}.Release|Any CPU.Build.0 = Release|Any CPU
	EndGlobalSection
	GlobalSection(SolutionProperties) = preSolution
		HideSolutionNode = FALSE
	EndGlobalSection
	GlobalSection(ExtensibilityGlobals) = postSolution
		SolutionGuid = {B8960A41-5312-4EA1-8A08-0E1D11A8ED2E}
	EndGlobalSection
EndGlobal
